{
  "name": "civra",
  "version": "0.1.0",
  "lockfileVersion": 3,
  "requires": true,
  "packages": {
    "": {
      "name": "civra",
      "version": "0.1.0",
      "dependencies": {
        "@solarisdk/browser": "^0.1.1"
      },
      "engines": {
        "node": ">=20"
      }
    },
    "node_modules/@solarisdk/browser": {
      "version": "0.1.1",
      "resolved": "https://registry.npmjs.org/@solarisdk/browser/-/browser-0.1.1.tgz",
      "integrity": "sha512-N0uZdgybsJu7Zm7AY2r3GCe9CjmVZAuSAOpWugQ+W7n0UaOwIna+nIGX+rfnezCP3qnCqKGavEpWrBEGE9VIeA==",
      "license": "Apache-2.0",
      "dependencies": {
        "patchright-core": "1.59.3"
      },
      "engines": {
        "node": ">=20"
      }
    },
    "node_modules/patchright-core": {
      "version": "1.59.3",
      "resolved": "https://registry.npmjs.org/patchright-core/-/patchright-core-1.59.3.tgz",
      "integrity": "sha512-EXq8a3nOoiubBtM77W9vYJDP/nFBuGaQK5CAzkaCr9/PTU5DPT1PDW0mDLdeX0P7bzSUgXEHiogHlC4zK2qSzw==",
      "license": "Apache-2.0",
      "bin": {
        "patchright-core": "cli.js"
      },
      "engines": {
        "node": ">=18"
      }
    }
  }
}
